{
    "requires": true,
    "lockfileVersion": 1,
    "dependencies": {
        "chartjs-plugin-dragzone": {
            "version": "0.1.1",
            "resolved": "https://registry.npmjs.org/chartjs-plugin-dragzone/-/chartjs-plugin-dragzone-0.1.1.tgz",
            "integrity": "sha512-fyx1gGgcEzj8mwrca2EmH5ujZgWQ09Fxq4GNqPZx6Eo6BGhrDkYFSPZJcShZgtGmbZVY4DsmFu8/k3BiKIz0Sw=="
        }
    }
}
